
Microsoft Visual Studio Solution File, Format Version 12.00
Project("{FAE04EC0-301F-11D3-BF4B-00C04F79EFBC}") = "SQLite-CSharp-Table", "SQLite-CSharp-Table\SQLite-CSharp-Table.csproj", "{D4E3899F-B52C-4DBD-AD78-489D5BC6A22B}"
EndProject
Global
	GlobalSection(SolutionConfigurationPlatforms) = preSolution
		Debug|Any CPU = Debug|Any CPU
		Release|Any CPU = Release|Any CPU
	EndGlobalSection
	GlobalSection(ProjectConfigurationPlatforms) = postSolution
		{D4E3899F-B52C-4DBD-AD78-489D5BC6A22B}.Debug|Any CPU.ActiveCfg = Debug|Any CPU
		{D4E3899F-B52C-4DBD-AD78-489D5BC6A22B}.Debug|Any CPU.Build.0 = Debug|Any CPU
		{D4E3899F-B52C-4DBD-AD78-489D5BC6A22B}.Release|Any CPU.ActiveCfg = Release|Any CPU
		{D4E3899F-B52C-4DBD-AD78-489D5BC6A22B}.Release|Any CPU.Build.0 = Release|Any CPU
	EndGlobalSection
EndGlobal
